
Microsoft Visual Studio Solution File, Format Version 12.00
# Visual Studio Version 17
VisualStudioVersion = 17.11.35312.102
MinimumVisualStudioVersion = 10.0.40219.1
Project("{FAE04EC0-301F-11D3-BF4B-00C04F79EFBC}") = "RevueCraftersPOMTests", "RevueCraftersPOMTests.csproj", "{1990E1BE-B2F4-4692-97DD-36985CE9721D}"
EndProject
Global
	GlobalSection(SolutionConfigurationPlatforms) = preSolution
		Debug|Any CPU = Debug|Any CPU
		Release|Any CPU = Release|Any CPU
	EndGlobalSection
	GlobalSection(ProjectConfigurationPlatforms) = postSolution
		{1990E1BE-B2F4-4692-97DD-36985CE9721D}.Debug|Any CPU.ActiveCfg = Debug|Any CPU
		{1990E1BE-B2F4-4692-97DD-36985CE9721D}.Debug|Any CPU.Build.0 = Debug|Any CPU
		{1990E1BE-B2F4-4692-97DD-36985CE9721D}.Release|Any CPU.ActiveCfg = Release|Any CPU
		{1990E1BE-B2F4-4692-97DD-36985CE9721D}.Release|Any CPU.Build.0 = Release|Any CPU
	EndGlobalSection
	GlobalSection(SolutionProperties) = preSolution
		HideSolutionNode = FALSE
	EndGlobalSection
	GlobalSection(ExtensibilityGlobals) = postSolution
		SolutionGuid = {D5171943-BEE8-478C-9858-9F7EBFFF89B8}
	EndGlobalSection
EndGlobal
